// !$*UTF8*$!
{
	archiveVersion = 1;
	classes = {
	};
	objectVersion = 56;
	objects = {

/* Begin PBXBuildFile section */
		1757CE8E2AAE4C8500273D7E /* CollectionTableViewCell.swift in Sources */ = {isa = PBXBuildFile; fileRef = 1757CE8D2AAE4C8500273D7E /* CollectionTableViewCell.swift */; };
		1757CE902AAE4CAF00273D7E /* TileCollectionViewCell.swift in Sources */ = {isa = PBXBuildFile; fileRef = 1757CE8F2AAE4CAF00273D7E /* TileCollectionViewCell.swift */; };
		1757CE922AAE4DB300273D7E /* CollectViewController.swift in Sources */ = {isa = PBXBuildFile; fileRef = 1757CE912AAE4DB300273D7E /* CollectViewController.swift */; };
		1757CE982AAE916900273D7E /* TableViewController.swift in Sources */ = {isa = PBXBuildFile; fileRef = 1757CE972AAE916800273D7E /* TableViewController.swift */; };
		1757CE9A2AAE918700273D7E /* CollectionViewCell.swift in Sources */ = {isa = PBXBuildFile; fileRef = 1757CE992AAE918700273D7E /* CollectionViewCell.swift */; };
		175BF0CC2AAEB4C20013ABA6 /* PickerViewController.swift in Sources */ = {isa = PBXBuildFile; fileRef = 175BF0CB2AAEB4C20013ABA6 /* PickerViewController.swift */; };
		175DD7A02AA5090500A5D782 /* AppDelegate.swift in Sources */ = {isa = PBXBuildFile; fileRef = 175DD79F2AA5090500A5D782 /* AppDelegate.swift */; };
		175DD7A22AA5090500A5D782 /* SceneDelegate.swift in Sources */ = {isa = PBXBuildFile; fileRef = 175DD7A12AA5090500A5D782 /* SceneDelegate.swift */; };
		175DD7A42AA5090500A5D782 /* ViewController.swift in Sources */ = {isa = PBXBuildFile; fileRef = 175DD7A32AA5090500A5D782 /* ViewController.swift */; };
		175DD7A72AA5090500A5D782 /* Main.storyboard in Resources */ = {isa = PBXBuildFile; fileRef = 175DD7A52AA5090500A5D782 /* Main.storyboard */; };
		175DD7A92AA5090B00A5D782 /* Assets.xcassets in Resources */ = {isa = PBXBuildFile; fileRef = 175DD7A82AA5090B00A5D782 /* Assets.xcassets */; };
		175DD7AC2AA5090B00A5D782 /* LaunchScreen.storyboard in Resources */ = {isa = PBXBuildFile; fileRef = 175DD7AA2AA5090B00A5D782 /* LaunchScreen.storyboard */; };
		175DD7B62AA5165100A5D782 /* ImageModel.m in Sources */ = {isa = PBXBuildFile; fileRef = 175DD7B52AA5165100A5D782 /* ImageModel.m */; };
		175DD7B82AA52BBD00A5D782 /* MainTableViewController.swift in Sources */ = {isa = PBXBuildFile; fileRef = 175DD7B72AA52BBD00A5D782 /* MainTableViewController.swift */; };
		175DD7C02AA6868900A5D782 /* TimerViewController.swift in Sources */ = {isa = PBXBuildFile; fileRef = 175DD7BF2AA6868900A5D782 /* TimerViewController.swift */; };
		D1A9A9392AB0AB1900C6A816 /* SwitchStepController.swift in Sources */ = {isa = PBXBuildFile; fileRef = D1A9A9382AB0AB1900C6A816 /* SwitchStepController.swift */; };
		D1D1E7FB2AB005B500D3B212 /* CollectionViewController.swift in Sources */ = {isa = PBXBuildFile; fileRef = D1D1E7FA2AB005B500D3B212 /* CollectionViewController.swift */; };
		D1D1E7FE2AB0094200D3B212 /* NumberModel.m in Sources */ = {isa = PBXBuildFile; fileRef = D1D1E7FD2AB0094200D3B212 /* NumberModel.m */; };
/* End PBXBuildFile section */

/* Begin PBXFileReference section */
		1757CE8D2AAE4C8500273D7E /* CollectionTableViewCell.swift */ = {isa = PBXFileReference; fileEncoding = 4; lastKnownFileType = sourcecode.swift; path = CollectionTableViewCell.swift; sourceTree = "<group>"; };
		1757CE8F2AAE4CAF00273D7E /* TileCollectionViewCell.swift */ = {isa = PBXFileReference; fileEncoding = 4; lastKnownFileType = sourcecode.swift; path = TileCollectionViewCell.swift; sourceTree = "<group>"; };
		1757CE912AAE4DB300273D7E /* CollectViewController.swift */ = {isa = PBXFileReference; lastKnownFileType = sourcecode.swift; path = CollectViewController.swift; sourceTree = "<group>"; };
		1757CE972AAE916800273D7E /* TableViewController.swift */ = {isa = PBXFileReference; fileEncoding = 4; lastKnownFileType = sourcecode.swift; path = TableViewController.swift; sourceTree = "<group>"; };
		1757CE992AAE918700273D7E /* CollectionViewCell.swift */ = {isa = PBXFileReference; fileEncoding = 4; lastKnownFileType = sourcecode.swift; path = CollectionViewCell.swift; sourceTree = "<group>"; };
		175BF0CB2AAEB4C20013ABA6 /* PickerViewController.swift */ = {isa = PBXFileReference; lastKnownFileType = sourcecode.swift; path = PickerViewController.swift; sourceTree = "<group>"; };
		175DD79C2AA5090500A5D782 /* UIExample.app */ = {isa = PBXFileReference; explicitFileType = wrapper.application; includeInIndex = 0; path = UIExample.app; sourceTree = BUILT_PRODUCTS_DIR; };
		175DD79F2AA5090500A5D782 /* AppDelegate.swift */ = {isa = PBXFileReference; lastKnownFileType = sourcecode.swift; path = AppDelegate.swift; sourceTree = "<group>"; };
		175DD7A12AA5090500A5D782 /* SceneDelegate.swift */ = {isa = PBXFileReference; lastKnownFileType = sourcecode.swift; path = SceneDelegate.swift; sourceTree = "<group>"; };
		175DD7A32AA5090500A5D782 /* ViewController.swift */ = {isa = PBXFileReference; lastKnownFileType = sourcecode.swift; path = ViewController.swift; sourceTree = "<group>"; };
		175DD7A62AA5090500A5D782 /* Base */ = {isa = PBXFileReference; lastKnownFileType = file.storyboard; name = Base; path = Base.lproj/Main.storyboard; sourceTree = "<group>"; };
		175DD7A82AA5090B00A5D782 /* Assets.xcassets */ = {isa = PBXFileReference; lastKnownFileType = folder.assetcatalog; path = Assets.xcassets; sourceTree = "<group>"; };
		175DD7AB2AA5090B00A5D782 /* Base */ = {isa = PBXFileReference; lastKnownFileType = file.storyboard; name = Base; path = Base.lproj/LaunchScreen.storyboard; sourceTree = "<group>"; };
		175DD7AD2AA5090B00A5D782 /* Info.plist */ = {isa = PBXFileReference; lastKnownFileType = text.plist.xml; path = Info.plist; sourceTree = "<group>"; };
		175DD7B32AA5165000A5D782 /* UIExample-Bridging-Header.h */ = {isa = PBXFileReference; lastKnownFileType = sourcecode.c.h; path = "UIExample-Bridging-Header.h"; sourceTree = "<group>"; };
		175DD7B42AA5165100A5D782 /* ImageModel.h */ = {isa = PBXFileReference; lastKnownFileType = sourcecode.c.h; path = ImageModel.h; sourceTree = "<group>"; };
		175DD7B52AA5165100A5D782 /* ImageModel.m */ = {isa = PBXFileReference; lastKnownFileType = sourcecode.c.objc; path = ImageModel.m; sourceTree = "<group>"; };
		175DD7B72AA52BBD00A5D782 /* MainTableViewController.swift */ = {isa = PBXFileReference; lastKnownFileType = sourcecode.swift; path = MainTableViewController.swift; sourceTree = "<group>"; };
		175DD7BF2AA6868900A5D782 /* TimerViewController.swift */ = {isa = PBXFileReference; lastKnownFileType = sourcecode.swift; path = TimerViewController.swift; sourceTree = "<group>"; };
		D1A9A9382AB0AB1900C6A816 /* SwitchStepController.swift */ = {isa = PBXFileReference; lastKnownFileType = sourcecode.swift; path = SwitchStepController.swift; sourceTree = "<group>"; };
		D1D1E7FA2AB005B500D3B212 /* CollectionViewController.swift */ = {isa = PBXFileReference; fileEncoding = 4; lastKnownFileType = sourcecode.swift; path = CollectionViewController.swift; sourceTree = "<group>"; };
		D1D1E7FC2AB0094200D3B212 /* NumberModel.h */ = {isa = PBXFileReference; lastKnownFileType = sourcecode.c.h; path = NumberModel.h; sourceTree = "<group>"; };
		D1D1E7FD2AB0094200D3B212 /* NumberModel.m */ = {isa = PBXFileReference; lastKnownFileType = sourcecode.c.objc; path = NumberModel.m; sourceTree = "<group>"; };
/* End PBXFileReference section */

/* Begin PBXFrameworksBuildPhase section */
		175DD7992AA5090500A5D782 /* Frameworks */ = {
			isa = PBXFrameworksBuildPhase;
			buildActionMask = 2147483647;
			files = (
			);
			runOnlyForDeploymentPostprocessing = 0;
		};
/* End PBXFrameworksBuildPhase section */

/* Begin PBXGroup section */
		175DD7932AA5090400A5D782 = {
			isa = PBXGroup;
			children = (
				D1A9A9382AB0AB1900C6A816 /* SwitchStepController.swift */,
				175DD79E2AA5090500A5D782 /* UIExample */,
				175DD79D2AA5090500A5D782 /* Products */,
			);
			sourceTree = "<group>";
		};
		175DD79D2AA5090500A5D782 /* Products */ = {
			isa = PBXGroup;
			children = (
				175DD79C2AA5090500A5D782 /* UIExample.app */,
			);
			name = Products;
			sourceTree = "<group>";
		};
		175DD79E2AA5090500A5D782 /* UIExample */ = {
			isa = PBXGroup;
			children = (
				D1D1E7FA2AB005B500D3B212 /* CollectionViewController.swift */,
				1757CE992AAE918700273D7E /* CollectionViewCell.swift */,
				1757CE972AAE916800273D7E /* TableViewController.swift */,
				1757CE8F2AAE4CAF00273D7E /* TileCollectionViewCell.swift */,
				1757CE8D2AAE4C8500273D7E /* CollectionTableViewCell.swift */,
				175DD79F2AA5090500A5D782 /* AppDelegate.swift */,
				175DD7A12AA5090500A5D782 /* SceneDelegate.swift */,
				175DD7A32AA5090500A5D782 /* ViewController.swift */,
				D1D1E7FC2AB0094200D3B212 /* NumberModel.h */,
				D1D1E7FD2AB0094200D3B212 /* NumberModel.m */,
				175DD7B42AA5165100A5D782 /* ImageModel.h */,
				175DD7B52AA5165100A5D782 /* ImageModel.m */,
				175DD7A52AA5090500A5D782 /* Main.storyboard */,
				175DD7BF2AA6868900A5D782 /* TimerViewController.swift */,
				175DD7B72AA52BBD00A5D782 /* MainTableViewController.swift */,
				175DD7A82AA5090B00A5D782 /* Assets.xcassets */,
				175DD7AA2AA5090B00A5D782 /* LaunchScreen.storyboard */,
				175DD7AD2AA5090B00A5D782 /* Info.plist */,
				175DD7B32AA5165000A5D782 /* UIExample-Bridging-Header.h */,
				1757CE912AAE4DB300273D7E /* CollectViewController.swift */,
				175BF0CB2AAEB4C20013ABA6 /* PickerViewController.swift */,
			);
			path = UIExample;
			sourceTree = "<group>";
		};
/* End PBXGroup section */

/* Begin PBXNativeTarget section */
		175DD79B2AA5090500A5D782 /* UIExample */ = {
			isa = PBXNativeTarget;
			buildConfigurationList = 175DD7B02AA5090B00A5D782 /* Build configuration list for PBXNativeTarget "UIExample" */;
			buildPhases = (
				175DD7982AA5090500A5D782 /* Sources */,
				175DD7992AA5090500A5D782 /* Frameworks */,
				175DD79A2AA5090500A5D782 /* Resources */,
			);
			buildRules = (
			);
			dependencies = (
			);
			name = UIExample;
			productName = UIExample;
			productReference = 175DD79C2AA5090500A5D782 /* UIExample.app */;
			productType = "com.apple.product-type.application";
		};
/* End PBXNativeTarget section */

/* Begin PBXProject section */
		175DD7942AA5090400A5D782 /* Project object */ = {
			isa = PBXProject;
			attributes = {
				BuildIndependentTargetsInParallel = 1;
				LastSwiftUpdateCheck = 1430;
				LastUpgradeCheck = 1430;
				TargetAttributes = {
					175DD79B2AA5090500A5D782 = {
						CreatedOnToolsVersion = 14.3.1;
						LastSwiftMigration = 1430;
					};
				};
			};
			buildConfigurationList = 175DD7972AA5090400A5D782 /* Build configuration list for PBXProject "UIExample" */;
			compatibilityVersion = "Xcode 14.0";
			developmentRegion = en;
			hasScannedForEncodings = 0;
			knownRegions = (
				en,
				Base,
			);
			mainGroup = 175DD7932AA5090400A5D782;
			productRefGroup = 175DD79D2AA5090500A5D782 /* Products */;
			projectDirPath = "";
			projectRoot = "";
			targets = (
				175DD79B2AA5090500A5D782 /* UIExample */,
			);
		};
/* End PBXProject section */

/* Begin PBXResourcesBuildPhase section */
		175DD79A2AA5090500A5D782 /* Resources */ = {
			isa = PBXResourcesBuildPhase;
			buildActionMask = 2147483647;
			files = (
				175DD7AC2AA5090B00A5D782 /* LaunchScreen.storyboard in Resources */,
				175DD7A92AA5090B00A5D782 /* Assets.xcassets in Resources */,
				175DD7A72AA5090500A5D782 /* Main.storyboard in Resources */,
			);
			runOnlyForDeploymentPostprocessing = 0;
		};
/* End PBXResourcesBuildPhase section */

/* Begin PBXSourcesBuildPhase section */
		175DD7982AA5090500A5D782 /* Sources */ = {
			isa = PBXSourcesBuildPhase;
			buildActionMask = 2147483647;
			files = (
				D1D1E7FE2AB0094200D3B212 /* NumberModel.m in Sources */,
				D1D1E7FB2AB005B500D3B212 /* CollectionViewController.swift in Sources */,
				175DD7A42AA5090500A5D782 /* ViewController.swift in Sources */,
				175DD7A02AA5090500A5D782 /* AppDelegate.swift in Sources */,
				175BF0CC2AAEB4C20013ABA6 /* PickerViewController.swift in Sources */,
				175DD7C02AA6868900A5D782 /* TimerViewController.swift in Sources */,
				1757CE982AAE916900273D7E /* TableViewController.swift in Sources */,
				175DD7A22AA5090500A5D782 /* SceneDelegate.swift in Sources */,
				1757CE902AAE4CAF00273D7E /* TileCollectionViewCell.swift in Sources */,
				1757CE922AAE4DB300273D7E /* CollectViewController.swift in Sources */,
				175DD7B82AA52BBD00A5D782 /* MainTableViewController.swift in Sources */,
				D1A9A9392AB0AB1900C6A816 /* SwitchStepController.swift in Sources */,
				1757CE8E2AAE4C8500273D7E /* CollectionTableViewCell.swift in Sources */,
				175DD7B62AA5165100A5D782 /* ImageModel.m in Sources */,
				1757CE9A2AAE918700273D7E /* CollectionViewCell.swift in Sources */,
			);
			runOnlyForDeploymentPostprocessing = 0;
		};
/* End PBXSourcesBuildPhase section */

/* Begin PBXVariantGroup section */
		175DD7A52AA5090500A5D782 /* Main.storyboard */ = {
			isa = PBXVariantGroup;
			children = (
				175DD7A62AA5090500A5D782 /* Base */,
			);
			name = Main.storyboard;
			sourceTree = "<group>";
		};
		175DD7AA2AA5090B00A5D782 /* LaunchScreen.storyboard */ = {
			isa = PBXVariantGroup;
			children = (
				175DD7AB2AA5090B00A5D782 /* Base */,
			);
			name = LaunchScreen.storyboard;
			sourceTree = "<group>";
		};
/* End PBXVariantGroup section */

/* Begin XCBuildConfiguration section */
		175DD7AE2AA5090B00A5D782 /* Debug */ = {
			isa = XCBuildConfiguration;
			buildSettings = {
				ALWAYS_SEARCH_USER_PATHS = NO;
				CLANG_ANALYZER_NONNULL = YES;
				CLANG_ANALYZER_NUMBER_OBJECT_CONVERSION = YES_AGGRESSIVE;
				CLANG_CXX_LANGUAGE_STANDARD = "gnu++20";
				CLANG_ENABLE_MODULES = YES;
				CLANG_ENABLE_OBJC_ARC = YES;
				CLANG_ENABLE_OBJC_WEAK = YES;
				CLANG_WARN_BLOCK_CAPTURE_AUTORELEASING = YES;
				CLANG_WARN_BOOL_CONVERSION = YES;
				CLANG_WARN_COMMA = YES;
				CLANG_WARN_CONSTANT_CONVERSION = YES;
				CLANG_WARN_DEPRECATED_OBJC_IMPLEMENTATIONS = YES;
				CLANG_WARN_DIRECT_OBJC_ISA_USAGE = YES_ERROR;
				CLANG_WARN_DOCUMENTATION_COMMENTS = YES;
				CLANG_WARN_EMPTY_BODY = YES;
				CLANG_WARN_ENUM_CONVERSION = YES;
				CLANG_WARN_INFINITE_RECURSION = YES;
				CLANG_WARN_INT_CONVERSION = YES;
				CLANG_WARN_NON_LITERAL_NULL_CONVERSION = YES;
				CLANG_WARN_OBJC_IMPLICIT_RETAIN_SELF = YES;
				CLANG_WARN_OBJC_LITERAL_CONVERSION = YES;
				CLANG_WARN_OBJC_ROOT_CLASS = YES_ERROR;
				CLANG_WARN_QUOTED_INCLUDE_IN_FRAMEWORK_HEADER = YES;
				CLANG_WARN_RANGE_LOOP_ANALYSIS = YES;
				CLANG_WARN_STRICT_PROTOTYPES = YES;
				CLANG_WARN_SUSPICIOUS_MOVE = YES;
				CLANG_WARN_UNGUARDED_AVAILABILITY = YES_AGGRESSIVE;
				CLANG_WARN_UNREACHABLE_CODE = YES;
				CLANG_WARN__DUPLICATE_METHOD_MATCH = YES;
				COPY_PHASE_STRIP = NO;
				DEBUG_INFORMATION_FORMAT = dwarf;
				ENABLE_STRICT_OBJC_MSGSEND = YES;
				ENABLE_TESTABILITY = YES;
				GCC_C_LANGUAGE_STANDARD = gnu11;
				GCC_DYNAMIC_NO_PIC = NO;
				GCC_NO_COMMON_BLOCKS = YES;
				GCC_OPTIMIZATION_LEVEL = 0;
				GCC_PREPROCESSOR_DEFINITIONS = (
					"DEBUG=1",
					"$(inherited)",
				);
				GCC_WARN_64_TO_32_BIT_CONVERSION = YES;
				GCC_WARN_ABOUT_RETURN_TYPE = YES_ERROR;
				GCC_WARN_UNDECLARED_SELECTOR = YES;
				GCC_WARN_UNINITIALIZED_AUTOS = YES_AGGRESSIVE;
				GCC_WARN_UNUSED_FUNCTION = YES;
				GCC_WARN_UNUSED_VARIABLE = YES;
				IPHONEOS_DEPLOYMENT_TARGET = 16.4;
				MTL_ENABLE_DEBUG_INFO = INCLUDE_SOURCE;
				MTL_FAST_MATH = YES;
				ONLY_ACTIVE_ARCH = YES;
				SDKROOT = iphoneos;
				SWIFT_ACTIVE_COMPILATION_CONDITIONS = DEBUG;
				SWIFT_OPTIMIZATION_LEVEL = "-Onone";
			};
			name = Debug;
		};
		175DD7AF2AA5090B00A5D782 /* Release */ = {
			isa = XCBuildConfiguration;
			buildSettings = {
				ALWAYS_SEARCH_USER_PATHS = NO;
				CLANG_ANALYZER_NONNULL = YES;
				CLANG_ANALYZER_NUMBER_OBJECT_CONVERSION = YES_AGGRESSIVE;
				CLANG_CXX_LANGUAGE_STANDARD = "gnu++20";
				CLANG_ENABLE_MODULES = YES;
				CLANG_ENABLE_OBJC_ARC = YES;
				CLANG_ENABLE_OBJC_WEAK = YES;
				CLANG_WARN_BLOCK_CAPTURE_AUTORELEASING = YES;
				CLANG_WARN_BOOL_CONVERSION = YES;
				CLANG_WARN_COMMA = YES;
				CLANG_WARN_CONSTANT_CONVERSION = YES;
				CLANG_WARN_DEPRECATED_OBJC_IMPLEMENTATIONS = YES;
				CLANG_WARN_DIRECT_OBJC_ISA_USAGE = YES_ERROR;
				CLANG_WARN_DOCUMENTATION_COMMENTS = YES;
				CLANG_WARN_EMPTY_BODY = YES;
				CLANG_WARN_ENUM_CONVERSION = YES;
				CLANG_WARN_INFINITE_RECURSION = YES;
				CLANG_WARN_INT_CONVERSION = YES;
				CLANG_WARN_NON_LITERAL_NULL_CONVERSION = YES;
				CLANG_WARN_OBJC_IMPLICIT_RETAIN_SELF = YES;
				CLANG_WARN_OBJC_LITERAL_CONVERSION = YES;
				CLANG_WARN_OBJC_ROOT_CLASS = YES_ERROR;
				CLANG_WARN_QUOTED_INCLUDE_IN_FRAMEWORK_HEADER = YES;
				CLANG_WARN_RANGE_LOOP_ANALYSIS = YES;
				CLANG_WARN_STRICT_PROTOTYPES = YES;
				CLANG_WARN_SUSPICIOUS_MOVE = YES;
				CLANG_WARN_UNGUARDED_AVAILABILITY = YES_AGGRESSIVE;
				CLANG_WARN_UNREACHABLE_CODE = YES;
				CLANG_WARN__DUPLICATE_METHOD_MATCH = YES;
				COPY_PHASE_STRIP = NO;
				DEBUG_INFORMATION_FORMAT = "dwarf-with-dsym";
				ENABLE_NS_ASSERTIONS = NO;
				ENABLE_STRICT_OBJC_MSGSEND = YES;
				GCC_C_LANGUAGE_STANDARD = gnu11;
				GCC_NO_COMMON_BLOCKS = YES;
				GCC_WARN_64_TO_32_BIT_CONVERSION = YES;
				GCC_WARN_ABOUT_RETURN_TYPE = YES_ERROR;
				GCC_WARN_UNDECLARED_SELECTOR = YES;
				GCC_WARN_UNINITIALIZED_AUTOS = YES_AGGRESSIVE;
				GCC_WARN_UNUSED_FUNCTION = YES;
				GCC_WARN_UNUSED_VARIABLE = YES;
				IPHONEOS_DEPLOYMENT_TARGET = 16.4;
				MTL_ENABLE_DEBUG_INFO = NO;
				MTL_FAST_MATH = YES;
				SDKROOT = iphoneos;
				SWIFT_COMPILATION_MODE = wholemodule;
				SWIFT_OPTIMIZATION_LEVEL = "-O";
				VALIDATE_PRODUCT = YES;
			};
			name = Release;
		};
		175DD7B12AA5090B00A5D782 /* Debug */ = {
			isa = XCBuildConfiguration;
			buildSettings = {
				ASSETCATALOG_COMPILER_APPICON_NAME = AppIcon;
				ASSETCATALOG_COMPILER_GLOBAL_ACCENT_COLOR_NAME = AccentColor;
				CLANG_ENABLE_MODULES = YES;
				CODE_SIGN_STYLE = Automatic;
				CURRENT_PROJECT_VERSION = 1;
				GENERATE_INFOPLIST_FILE = YES;
				INFOPLIST_FILE = UIExample/Info.plist;
				INFOPLIST_KEY_UIApplicationSupportsIndirectInputEvents = YES;
				INFOPLIST_KEY_UILaunchStoryboardName = LaunchScreen;
				INFOPLIST_KEY_UIMainStoryboardFile = Main;
				INFOPLIST_KEY_UISupportedInterfaceOrientations_iPad = "UIInterfaceOrientationPortrait UIInterfaceOrientationPortraitUpsideDown UIInterfaceOrientationLandscapeLeft UIInterfaceOrientationLandscapeRight";
				INFOPLIST_KEY_UISupportedInterfaceOrientations_iPhone = "UIInterfaceOrientationPortrait UIInterfaceOrientationLandscapeLeft UIInterfaceOrientationLandscapeRight";
				IPHONEOS_DEPLOYMENT_TARGET = 15.0;
				LD_RUNPATH_SEARCH_PATHS = (
					"$(inherited)",
					"@executable_path/Frameworks",
				);
				MARKETING_VERSION = 1.0;
				PRODUCT_BUNDLE_IDENTIFIER = SMUMLSC.UIExample;
				PRODUCT_NAME = "$(TARGET_NAME)";
				SWIFT_EMIT_LOC_STRINGS = YES;
				SWIFT_OBJC_BRIDGING_HEADER = "UIExample/UIExample-Bridging-Header.h";
				SWIFT_OPTIMIZATION_LEVEL = "-Onone";
				SWIFT_VERSION = 5.0;
				TARGETED_DEVICE_FAMILY = "1,2";
			};
			name = Debug;
		};
		175DD7B22AA5090B00A5D782 /* Release */ = {
			isa = XCBuildConfiguration;
			buildSettings = {
				ASSETCATALOG_COMPILER_APPICON_NAME = AppIcon;
				ASSETCATALOG_COMPILER_GLOBAL_ACCENT_COLOR_NAME = AccentColor;
				CLANG_ENABLE_MODULES = YES;
				CODE_SIGN_STYLE = Automatic;
				CURRENT_PROJECT_VERSION = 1;
				GENERATE_INFOPLIST_FILE = YES;
				INFOPLIST_FILE = UIExample/Info.plist;
				INFOPLIST_KEY_UIApplicationSupportsIndirectInputEvents = YES;
				INFOPLIST_KEY_UILaunchStoryboardName = LaunchScreen;
				INFOPLIST_KEY_UIMainStoryboardFile = Main;
				INFOPLIST_KEY_UISupportedInterfaceOrientations_iPad = "UIInterfaceOrientationPortrait UIInterfaceOrientationPortraitUpsideDown UIInterfaceOrientationLandscapeLeft UIInterfaceOrientationLandscapeRight";
				INFOPLIST_KEY_UISupportedInterfaceOrientations_iPhone = "UIInterfaceOrientationPortrait UIInterfaceOrientationLandscapeLeft UIInterfaceOrientationLandscapeRight";
				IPHONEOS_DEPLOYMENT_TARGET = 15.0;
				LD_RUNPATH_SEARCH_PATHS = (
					"$(inherited)",
					"@executable_path/Frameworks",
				);
				MARKETING_VERSION = 1.0;
				PRODUCT_BUNDLE_IDENTIFIER = SMUMLSC.UIExample;
				PRODUCT_NAME = "$(TARGET_NAME)";
				SWIFT_EMIT_LOC_STRINGS = YES;
				SWIFT_OBJC_BRIDGING_HEADER = "UIExample/UIExample-Bridging-Header.h";
				SWIFT_VERSION = 5.0;
				TARGETED_DEVICE_FAMILY = "1,2";
			};
			name = Release;
		};
/* End XCBuildConfiguration section */

/* Begin XCConfigurationList section */
		175DD7972AA5090400A5D782 /* Build configuration list for PBXProject "UIExample" */ = {
			isa = XCConfigurationList;
			buildConfigurations = (
				175DD7AE2AA5090B00A5D782 /* Debug */,
				175DD7AF2AA5090B00A5D782 /* Release */,
			);
			defaultConfigurationIsVisible = 0;
			defaultConfigurationName = Release;
		};
		175DD7B02AA5090B00A5D782 /* Build configuration list for PBXNativeTarget "UIExample" */ = {
			isa = XCConfigurationList;
			buildConfigurations = (
				175DD7B12AA5090B00A5D782 /* Debug */,
				175DD7B22AA5090B00A5D782 /* Release */,
			);
			defaultConfigurationIsVisible = 0;
			defaultConfigurationName = Release;
		};
/* End XCConfigurationList section */
	};
	rootObject = 175DD7942AA5090400A5D782 /* Project object */;
}
